
Microsoft Visual Studio Solution File, Format Version 12.00
# Visual Studio 15
VisualStudioVersion = 15.0.26124.0
MinimumVisualStudioVersion = 15.0.26124.0
Project("{FAE04EC0-301F-11D3-BF4B-00C04F79EFBC}") = "Itage.MimeHtml2Html", "src\Itage.MimeHtml2Html\Itage.MimeHtml2Html.csproj", "{6031085D-AFDF-4BBA-965D-DEB83D006BC6}"
EndProject
Project("{FAE04EC0-301F-11D3-BF4B-00C04F79EFBC}") = "Mime2Html", "src\Mime2Html\Mime2Html.csproj", "{6EC6E66E-9436-4B45-BAC5-5992DF9C5F07}"
EndProject
Global
	GlobalSection(SolutionConfigurationPlatforms) = preSolution
		Debug|Any CPU = Debug|Any CPU
		Debug|x64 = Debug|x64
		Debug|x86 = Debug|x86
		Release|Any CPU = Release|Any CPU
		Release|x64 = Release|x64
		Release|x86 = Release|x86
	EndGlobalSection
	GlobalSection(SolutionProperties) = preSolution
		HideSolutionNode = FALSE
	EndGlobalSection
	GlobalSection(ProjectConfigurationPlatforms) = postSolution
		{6031085D-AFDF-4BBA-965D-DEB83D006BC6}.Debug|Any CPU.ActiveCfg = Debug|Any CPU
		{6031085D-AFDF-4BBA-965D-DEB83D006BC6}.Debug|Any CPU.Build.0 = Debug|Any CPU
		{6031085D-AFDF-4BBA-965D-DEB83D006BC6}.Debug|x64.ActiveCfg = Debug|Any CPU
		{6031085D-AFDF-4BBA-965D-DEB83D006BC6}.Debug|x64.Build.0 = Debug|Any CPU
		{6031085D-AFDF-4BBA-965D-DEB83D006BC6}.Debug|x86.ActiveCfg = Debug|Any CPU
		{6031085D-AFDF-4BBA-965D-DEB83D006BC6}.Debug|x86.Build.0 = Debug|Any CPU
		{6031085D-AFDF-4BBA-965D-DEB83D006BC6}.Release|Any CPU.ActiveCfg = Release|Any CPU
		{6031085D-AFDF-4BBA-965D-DEB83D006BC6}.Release|Any CPU.Build.0 = Release|Any CPU
		{6031085D-AFDF-4BBA-965D-DEB83D006BC6}.Release|x64.ActiveCfg = Release|Any CPU
		{6031085D-AFDF-4BBA-965D-DEB83D006BC6}.Release|x64.Build.0 = Release|Any CPU
		{6031085D-AFDF-4BBA-965D-DEB83D006BC6}.Release|x86.ActiveCfg = Release|Any CPU
		{6031085D-AFDF-4BBA-965D-DEB83D006BC6}.Release|x86.Build.0 = Release|Any CPU
		{6EC6E66E-9436-4B45-BAC5-5992DF9C5F07}.Debug|Any CPU.ActiveCfg = Debug|Any CPU
		{6EC6E66E-9436-4B45-BAC5-5992DF9C5F07}.Debug|Any CPU.Build.0 = Debug|Any CPU
		{6EC6E66E-9436-4B45-BAC5-5992DF9C5F07}.Debug|x64.ActiveCfg = Debug|Any CPU
		{6EC6E66E-9436-4B45-BAC5-5992DF9C5F07}.Debug|x64.Build.0 = Debug|Any CPU
		{6EC6E66E-9436-4B45-BAC5-5992DF9C5F07}.Debug|x86.ActiveCfg = Debug|Any CPU
		{6EC6E66E-9436-4B45-BAC5-5992DF9C5F07}.Debug|x86.Build.0 = Debug|Any CPU
		{6EC6E66E-9436-4B45-BAC5-5992DF9C5F07}.Release|Any CPU.ActiveCfg = Release|Any CPU
		{6EC6E66E-9436-4B45-BAC5-5992DF9C5F07}.Release|Any CPU.Build.0 = Release|Any CPU
		{6EC6E66E-9436-4B45-BAC5-5992DF9C5F07}.Release|x64.ActiveCfg = Release|Any CPU
		{6EC6E66E-9436-4B45-BAC5-5992DF9C5F07}.Release|x64.Build.0 = Release|Any CPU
		{6EC6E66E-9436-4B45-BAC5-5992DF9C5F07}.Release|x86.ActiveCfg = Release|Any CPU
		{6EC6E66E-9436-4B45-BAC5-5992DF9C5F07}.Release|x86.Build.0 = Release|Any CPU
	EndGlobalSection
EndGlobal
